
Microsoft Visual Studio Solution File, Format Version 12.00
# Visual Studio Version 17
VisualStudioVersion = 17.0.32014.148
MinimumVisualStudioVersion = 10.0.40219.1
Project("{FAE04EC0-301F-11D3-BF4B-00C04F79EFBC}") = "ChatBot", "ChatBot\ChatBot.csproj", "{9B603090-1C15-41F5-8EB3-5ECAF4C705BC}"
EndProject
Global
	GlobalSection(SolutionConfigurationPlatforms) = preSolution
		Debug|Any CPU = Debug|Any CPU
		Release|Any CPU = Release|Any CPU
	EndGlobalSection
	GlobalSection(ProjectConfigurationPlatforms) = postSolution
		{9B603090-1C15-41F5-8EB3-5ECAF4C705BC}.Debug|Any CPU.ActiveCfg = Debug|Any CPU
		{9B603090-1C15-41F5-8EB3-5ECAF4C705BC}.Debug|Any CPU.Build.0 = Debug|Any CPU
		{9B603090-1C15-41F5-8EB3-5ECAF4C705BC}.Release|Any CPU.ActiveCfg = Release|Any CPU
		{9B603090-1C15-41F5-8EB3-5ECAF4C705BC}.Release|Any CPU.Build.0 = Release|Any CPU
	EndGlobalSection
	GlobalSection(SolutionProperties) = preSolution
		HideSolutionNode = FALSE
	EndGlobalSection
	GlobalSection(ExtensibilityGlobals) = postSolution
		SolutionGuid = {16C49565-AD0C-404C-BC56-612F66F3C2EB}
	EndGlobalSection
EndGlobal
